{
  "version": 4,
  "terraform_version": "1.1.4",
  "serial": 6,
  "lineage": "1dcb19a6-bfaf-a1e1-425d-1240c3f14666",
  "outputs": {
    "resource_group_name": {
      "value": "karina-rg",
      "type": "string"
    }
  },
  "resources": [
    {
      "mode": "managed",
      "type": "ibm_is_subnet",
      "name": "terraformsubnet1",
      "provider": "provider[\"registry.terraform.io/ibm-cloud/ibm\"]",
      "instances": [
        {
          "schema_version": 0,
          "attributes": {
            "access_tags": [],
            "available_ipv4_address_count": 16379,
            "crn": "crn:v1:bluemix:public:is:eu-de-1:a/0fa729ffb1094641a99ffaa283d76c19::subnet:02b7-1c741941-fe88-4a74-9206-928ab2f4579b",
            "id": "02b7-1c741941-fe88-4a74-9206-928ab2f4579b",
            "ip_version": "ipv4",
            "ipv4_cidr_block": "10.242.0.0/18",
            "name": "terraform-subnet1",
            "network_acl": "r010-c097c43b-48f0-47ae-976c-0ee5bd361658",
            "public_gateway": "",
            "resource_controller_url": "https://cloud.ibm.com/vpc-ext/network/subnets",
            "resource_crn": "crn:v1:bluemix:public:is:eu-de-1:a/0fa729ffb1094641a99ffaa283d76c19::subnet:02b7-1c741941-fe88-4a74-9206-928ab2f4579b",
            "resource_group": "a16e0f0395254189b623812ffa7230f1",
            "resource_group_name": "karina-rg",
            "resource_name": "terraform-subnet1",
            "resource_status": "available",
            "routing_table": "r010-ab7e25a1-41d0-4a84-b64b-1d863fc44438",
            "status": "available",
            "tags": [],
            "timeouts": null,
            "total_ipv4_address_count": 16384,
            "vpc": "r010-a8af78a0-f9e8-4c45-bc49-67b29c845cc6",
            "zone": "eu-de-1"
          },
          "sensitive_attributes": [],
          "private": "eyJlMmJmYjczMC1lY2FhLTExZTYtOGY4OC0zNDM2M2JjN2M0YzAiOnsiY3JlYXRlIjo2MDAwMDAwMDAwMDAsImRlbGV0ZSI6NjAwMDAwMDAwMDAwLCJ1cGRhdGUiOjYwMDAwMDAwMDAwMH19",
          "dependencies": [
            "ibm_is_vpc.terraform-vpc",
            "ibm_is_vpc_address_prefix.terraformprefix1"
          ]
        }
      ]
    },
    {
      "mode": "managed",
      "type": "ibm_is_vpc",
      "name": "terraform-vpc",
      "provider": "provider[\"registry.terraform.io/ibm-cloud/ibm\"]",
      "instances": [
        {
          "schema_version": 0,
          "attributes": {
            "address_prefix_management": "manual",
            "classic_access": false,
            "crn": "crn:v1:bluemix:public:is:eu-de:a/0fa729ffb1094641a99ffaa283d76c19::vpc:r010-a8af78a0-f9e8-4c45-bc49-67b29c845cc6",
            "cse_source_addresses": [
              {
                "address": "10.223.27.164",
                "zone_name": "eu-de-1"
              },
              {
                "address": "10.16.209.18",
                "zone_name": "eu-de-2"
              },
              {
                "address": "10.16.221.117",
                "zone_name": "eu-de-3"
              }
            ],
            "default_network_acl": "r010-c097c43b-48f0-47ae-976c-0ee5bd361658",
            "default_network_acl_crn": "crn:v1:bluemix:public:is:eu-de:a/0fa729ffb1094641a99ffaa283d76c19::network-acl:r010-c097c43b-48f0-47ae-976c-0ee5bd361658",
            "default_network_acl_name": "chilly-gladly-flinch-certainly",
            "default_routing_table": "r010-ab7e25a1-41d0-4a84-b64b-1d863fc44438",
            "default_routing_table_name": "maximum-slacked-confront-document",
            "default_security_group": "r010-e18d79c4-939b-4cf6-a44f-7c9c14cb280a",
            "default_security_group_crn": "crn:v1:bluemix:public:is:eu-de:a/0fa729ffb1094641a99ffaa283d76c19::security-group:r010-e18d79c4-939b-4cf6-a44f-7c9c14cb280a",
            "default_security_group_name": "paced-eleven-usher-acts",
            "id": "r010-a8af78a0-f9e8-4c45-bc49-67b29c845cc6",
            "name": "terraform-vpc",
            "resource_controller_url": "https://cloud.ibm.com/vpc-ext/network/vpcs",
            "resource_crn": "crn:v1:bluemix:public:is:eu-de:a/0fa729ffb1094641a99ffaa283d76c19::vpc:r010-a8af78a0-f9e8-4c45-bc49-67b29c845cc6",
            "resource_group": "a16e0f0395254189b623812ffa7230f1",
            "resource_group_name": "karina-rg",
            "resource_name": "terraform-vpc",
            "resource_status": "available",
            "security_group": [
              {
                "group_id": "r010-e18d79c4-939b-4cf6-a44f-7c9c14cb280a",
                "group_name": "paced-eleven-usher-acts",
                "rules": [
                  {
                    "code": 0,
                    "direction": "outbound",
                    "ip_version": "ipv4",
                    "port_max": 0,
                    "port_min": 0,
                    "protocol": "all",
                    "remote": "0.0.0.0/0",
                    "rule_id": "r010-33d486f7-63cd-4bc5-a28a-ba76b360f099",
                    "type": 0
                  },
                  {
                    "code": 0,
                    "direction": "inbound",
                    "ip_version": "ipv4",
                    "port_max": 0,
                    "port_min": 0,
                    "protocol": "all",
                    "remote": "r010-e18d79c4-939b-4cf6-a44f-7c9c14cb280a",
                    "rule_id": "r010-9fee5f42-8449-4279-a9c0-c343572ecd37",
                    "type": 0
                  }
                ]
              }
            ],
            "status": "available",
            "subnets": [],
            "tags": [],
            "timeouts": null
          },
          "sensitive_attributes": [],
          "private": "eyJlMmJmYjczMC1lY2FhLTExZTYtOGY4OC0zNDM2M2JjN2M0YzAiOnsiY3JlYXRlIjo2MDAwMDAwMDAwMDAsImRlbGV0ZSI6NjAwMDAwMDAwMDAwfX0="
        }
      ]
    },
    {
      "mode": "managed",
      "type": "ibm_is_vpc_address_prefix",
      "name": "terraformprefix1",
      "provider": "provider[\"registry.terraform.io/ibm-cloud/ibm\"]",
      "instances": [
        {
          "schema_version": 0,
          "attributes": {
            "address_prefix": "r010-49865c35-7269-4fe3-a029-1a76d28a97fd",
            "cidr": "10.242.0.0/18",
            "has_subnets": false,
            "id": "r010-a8af78a0-f9e8-4c45-bc49-67b29c845cc6/r010-49865c35-7269-4fe3-a029-1a76d28a97fd",
            "is_default": false,
            "name": "terraform-prefix-1",
            "related_crn": "crn:v1:bluemix:public:is:eu-de:a/0fa729ffb1094641a99ffaa283d76c19::vpc:r010-a8af78a0-f9e8-4c45-bc49-67b29c845cc6",
            "vpc": "r010-a8af78a0-f9e8-4c45-bc49-67b29c845cc6",
            "zone": "eu-de-1"
          },
          "sensitive_attributes": [],
          "private": "bnVsbA==",
          "dependencies": [
            "ibm_is_vpc.terraform-vpc"
          ]
        }
      ]
    }
  ]
}
